// !$*UTF8*$!
{
	archiveVersion = 1;
	classes = {
	};
	objectVersion = 46;
	objects = {

/* Begin PBXBuildFile section */
		444F68981BB2AF5D005794B4 /* main.cpp in Sources */ = {isa = PBXBuildFile; fileRef = 444F68971BB2AF5D005794B4 /* main.cpp */; };
		444F68A01BB2B0B6005794B4 /* ArrayHandler.cpp in Sources */ = {isa = PBXBuildFile; fileRef = 444F689E1BB2B0B6005794B4 /* ArrayHandler.cpp */; settings = {ASSET_TAGS = (); }; };
		444F68A31BB301A8005794B4 /* TestsRunner.cpp in Sources */ = {isa = PBXBuildFile; fileRef = 444F68A11BB301A8005794B4 /* TestsRunner.cpp */; settings = {ASSET_TAGS = (); }; };
		444F68A51BB418AD005794B4 /* libiomp5.dylib in Frameworks */ = {isa = PBXBuildFile; fileRef = 444F68A41BB418AD005794B4 /* libiomp5.dylib */; };
/* End PBXBuildFile section */

/* Begin PBXCopyFilesBuildPhase section */
		444F68921BB2AF5D005794B4 /* CopyFiles */ = {
			isa = PBXCopyFilesBuildPhase;
			buildActionMask = 2147483647;
			dstPath = /usr/share/man/man1/;
			dstSubfolderSpec = 0;
			files = (
			);
			runOnlyForDeploymentPostprocessing = 1;
		};
/* End PBXCopyFilesBuildPhase section */

/* Begin PBXFileReference section */
		444F68941BB2AF5D005794B4 /* ArraySum */ = {isa = PBXFileReference; explicitFileType = "compiled.mach-o.executable"; includeInIndex = 0; path = ArraySum; sourceTree = BUILT_PRODUCTS_DIR; };
		444F68971BB2AF5D005794B4 /* main.cpp */ = {isa = PBXFileReference; lastKnownFileType = sourcecode.cpp.cpp; path = main.cpp; sourceTree = "<group>"; };
		444F689E1BB2B0B6005794B4 /* ArrayHandler.cpp */ = {isa = PBXFileReference; fileEncoding = 4; lastKnownFileType = sourcecode.cpp.cpp; path = ArrayHandler.cpp; sourceTree = "<group>"; };
		444F689F1BB2B0B6005794B4 /* ArrayHandler.hpp */ = {isa = PBXFileReference; fileEncoding = 4; lastKnownFileType = sourcecode.cpp.h; path = ArrayHandler.hpp; sourceTree = "<group>"; };
		444F68A11BB301A8005794B4 /* TestsRunner.cpp */ = {isa = PBXFileReference; fileEncoding = 4; lastKnownFileType = sourcecode.cpp.cpp; path = TestsRunner.cpp; sourceTree = "<group>"; };
		444F68A21BB301A8005794B4 /* TestsRunner.hpp */ = {isa = PBXFileReference; fileEncoding = 4; lastKnownFileType = sourcecode.cpp.h; path = TestsRunner.hpp; sourceTree = "<group>"; };
		444F68A41BB418AD005794B4 /* libiomp5.dylib */ = {isa = PBXFileReference; lastKnownFileType = "compiled.mach-o.dylib"; name = libiomp5.dylib; path = ../../../usr/local/Cellar/libiomp/20150701/lib/libiomp5.dylib; sourceTree = "<group>"; };
/* End PBXFileReference section */

/* Begin PBXFrameworksBuildPhase section */
		444F68911BB2AF5D005794B4 /* Frameworks */ = {
			isa = PBXFrameworksBuildPhase;
			buildActionMask = 2147483647;
			files = (
				444F68A51BB418AD005794B4 /* libiomp5.dylib in Frameworks */,
			);
			runOnlyForDeploymentPostprocessing = 0;
		};
/* End PBXFrameworksBuildPhase section */

/* Begin PBXGroup section */
		444F688B1BB2AF5D005794B4 = {
			isa = PBXGroup;
			children = (
				444F68A41BB418AD005794B4 /* libiomp5.dylib */,
				444F68961BB2AF5D005794B4 /* ArraySum */,
				444F68951BB2AF5D005794B4 /* Products */,
			);
			sourceTree = "<group>";
		};
		444F68951BB2AF5D005794B4 /* Products */ = {
			isa = PBXGroup;
			children = (
				444F68941BB2AF5D005794B4 /* ArraySum */,
			);
			name = Products;
			sourceTree = "<group>";
		};
		444F68961BB2AF5D005794B4 /* ArraySum */ = {
			isa = PBXGroup;
			children = (
				444F68971BB2AF5D005794B4 /* main.cpp */,
				444F68A11BB301A8005794B4 /* TestsRunner.cpp */,
				444F68A21BB301A8005794B4 /* TestsRunner.hpp */,
				444F689E1BB2B0B6005794B4 /* ArrayHandler.cpp */,
				444F689F1BB2B0B6005794B4 /* ArrayHandler.hpp */,
			);
			path = ArraySum;
			sourceTree = "<group>";
		};
/* End PBXGroup section */

/* Begin PBXNativeTarget section */
		444F68931BB2AF5D005794B4 /* ArraySum */ = {
			isa = PBXNativeTarget;
			buildConfigurationList = 444F689B1BB2AF5D005794B4 /* Build configuration list for PBXNativeTarget "ArraySum" */;
			buildPhases = (
				444F68901BB2AF5D005794B4 /* Sources */,
				444F68911BB2AF5D005794B4 /* Frameworks */,
				444F68921BB2AF5D005794B4 /* CopyFiles */,
			);
			buildRules = (
			);
			dependencies = (
			);
			name = ArraySum;
			productName = ArraySum;
			productReference = 444F68941BB2AF5D005794B4 /* ArraySum */;
			productType = "com.apple.product-type.tool";
		};
/* End PBXNativeTarget section */

/* Begin PBXProject section */
		444F688C1BB2AF5D005794B4 /* Project object */ = {
			isa = PBXProject;
			attributes = {
				LastUpgradeCheck = 0700;
				ORGANIZATIONNAME = MIPT;
				TargetAttributes = {
					444F68931BB2AF5D005794B4 = {
						CreatedOnToolsVersion = 7.0;
					};
				};
			};
			buildConfigurationList = 444F688F1BB2AF5D005794B4 /* Build configuration list for PBXProject "ArraySum" */;
			compatibilityVersion = "Xcode 3.2";
			developmentRegion = English;
			hasScannedForEncodings = 0;
			knownRegions = (
				en,
			);
			mainGroup = 444F688B1BB2AF5D005794B4;
			productRefGroup = 444F68951BB2AF5D005794B4 /* Products */;
			projectDirPath = "";
			projectRoot = "";
			targets = (
				444F68931BB2AF5D005794B4 /* ArraySum */,
			);
		};
/* End PBXProject section */

/* Begin PBXSourcesBuildPhase section */
		444F68901BB2AF5D005794B4 /* Sources */ = {
			isa = PBXSourcesBuildPhase;
			buildActionMask = 2147483647;
			files = (
				444F68A01BB2B0B6005794B4 /* ArrayHandler.cpp in Sources */,
				444F68A31BB301A8005794B4 /* TestsRunner.cpp in Sources */,
				444F68981BB2AF5D005794B4 /* main.cpp in Sources */,
			);
			runOnlyForDeploymentPostprocessing = 0;
		};
/* End PBXSourcesBuildPhase section */

/* Begin XCBuildConfiguration section */
		444F68991BB2AF5D005794B4 /* Debug */ = {
			isa = XCBuildConfiguration;
			buildSettings = {
				ALWAYS_SEARCH_USER_PATHS = NO;
				CLANG_CXX_LANGUAGE_STANDARD = "gnu++0x";
				CLANG_CXX_LIBRARY = "libc++";
				CLANG_ENABLE_MODULES = YES;
				CLANG_ENABLE_OBJC_ARC = YES;
				CLANG_WARN_BOOL_CONVERSION = YES;
				CLANG_WARN_CONSTANT_CONVERSION = YES;
				CLANG_WARN_DIRECT_OBJC_ISA_USAGE = YES_ERROR;
				CLANG_WARN_EMPTY_BODY = YES;
				CLANG_WARN_ENUM_CONVERSION = YES;
				CLANG_WARN_INT_CONVERSION = YES;
				CLANG_WARN_OBJC_ROOT_CLASS = YES_ERROR;
				CLANG_WARN_UNREACHABLE_CODE = YES;
				CLANG_WARN__DUPLICATE_METHOD_MATCH = YES;
				COPY_PHASE_STRIP = NO;
				DEBUG_INFORMATION_FORMAT = dwarf;
				ENABLE_STRICT_OBJC_MSGSEND = YES;
				ENABLE_TESTABILITY = YES;
				GCC_C_LANGUAGE_STANDARD = gnu99;
				GCC_DYNAMIC_NO_PIC = NO;
				GCC_NO_COMMON_BLOCKS = YES;
				GCC_OPTIMIZATION_LEVEL = 0;
				GCC_PREPROCESSOR_DEFINITIONS = (
					"DEBUG=1",
					"$(inherited)",
				);
				GCC_WARN_64_TO_32_BIT_CONVERSION = YES;
				GCC_WARN_ABOUT_RETURN_TYPE = YES_ERROR;
				GCC_WARN_UNDECLARED_SELECTOR = YES;
				GCC_WARN_UNINITIALIZED_AUTOS = YES_AGGRESSIVE;
				GCC_WARN_UNUSED_FUNCTION = YES;
				GCC_WARN_UNUSED_VARIABLE = YES;
				MACOSX_DEPLOYMENT_TARGET = 10.10;
				MTL_ENABLE_DEBUG_INFO = YES;
				ONLY_ACTIVE_ARCH = YES;
				SDKROOT = macosx;
			};
			name = Debug;
		};
		444F689A1BB2AF5D005794B4 /* Release */ = {
			isa = XCBuildConfiguration;
			buildSettings = {
				ALWAYS_SEARCH_USER_PATHS = NO;
				CLANG_CXX_LANGUAGE_STANDARD = "gnu++0x";
				CLANG_CXX_LIBRARY = "libc++";
				CLANG_ENABLE_MODULES = YES;
				CLANG_ENABLE_OBJC_ARC = YES;
				CLANG_WARN_BOOL_CONVERSION = YES;
				CLANG_WARN_CONSTANT_CONVERSION = YES;
				CLANG_WARN_DIRECT_OBJC_ISA_USAGE = YES_ERROR;
				CLANG_WARN_EMPTY_BODY = YES;
				CLANG_WARN_ENUM_CONVERSION = YES;
				CLANG_WARN_INT_CONVERSION = YES;
				CLANG_WARN_OBJC_ROOT_CLASS = YES_ERROR;
				CLANG_WARN_UNREACHABLE_CODE = YES;
				CLANG_WARN__DUPLICATE_METHOD_MATCH = YES;
				COPY_PHASE_STRIP = NO;
				DEBUG_INFORMATION_FORMAT = "dwarf-with-dsym";
				ENABLE_NS_ASSERTIONS = NO;
				ENABLE_STRICT_OBJC_MSGSEND = YES;
				GCC_C_LANGUAGE_STANDARD = gnu99;
				GCC_NO_COMMON_BLOCKS = YES;
				GCC_WARN_64_TO_32_BIT_CONVERSION = YES;
				GCC_WARN_ABOUT_RETURN_TYPE = YES_ERROR;
				GCC_WARN_UNDECLARED_SELECTOR = YES;
				GCC_WARN_UNINITIALIZED_AUTOS = YES_AGGRESSIVE;
				GCC_WARN_UNUSED_FUNCTION = YES;
				GCC_WARN_UNUSED_VARIABLE = YES;
				MACOSX_DEPLOYMENT_TARGET = 10.10;
				MTL_ENABLE_DEBUG_INFO = NO;
				SDKROOT = macosx;
			};
			name = Release;
		};
		444F689C1BB2AF5D005794B4 /* Debug */ = {
			isa = XCBuildConfiguration;
			buildSettings = {
				CLANG_ENABLE_MODULES = NO;
				HEADER_SEARCH_PATHS = /usr/local/include;
				LIBRARY_SEARCH_PATHS = (
					"$(inherited)",
					/usr/local/Cellar/libiomp/20150701/lib,
				);
				OMP = "/usr/local/bin/clang-omp";
				OTHER_CFLAGS = "-fopenmp";
				PRODUCT_NAME = "$(TARGET_NAME)";
			};
			name = Debug;
		};
		444F689D1BB2AF5D005794B4 /* Release */ = {
			isa = XCBuildConfiguration;
			buildSettings = {
				CLANG_ENABLE_MODULES = NO;
				HEADER_SEARCH_PATHS = /usr/local/include;
				LIBRARY_SEARCH_PATHS = (
					"$(inherited)",
					/usr/local/Cellar/libiomp/20150701/lib,
				);
				OMP = "/usr/local/bin/clang-omp";
				OTHER_CFLAGS = "-fopenmp";
				PRODUCT_NAME = "$(TARGET_NAME)";
			};
			name = Release;
		};
/* End XCBuildConfiguration section */

/* Begin XCConfigurationList section */
		444F688F1BB2AF5D005794B4 /* Build configuration list for PBXProject "ArraySum" */ = {
			isa = XCConfigurationList;
			buildConfigurations = (
				444F68991BB2AF5D005794B4 /* Debug */,
				444F689A1BB2AF5D005794B4 /* Release */,
			);
			defaultConfigurationIsVisible = 0;
			defaultConfigurationName = Release;
		};
		444F689B1BB2AF5D005794B4 /* Build configuration list for PBXNativeTarget "ArraySum" */ = {
			isa = XCConfigurationList;
			buildConfigurations = (
				444F689C1BB2AF5D005794B4 /* Debug */,
				444F689D1BB2AF5D005794B4 /* Release */,
			);
			defaultConfigurationIsVisible = 0;
		};
/* End XCConfigurationList section */
	};
	rootObject = 444F688C1BB2AF5D005794B4 /* Project object */;
}
